
Microsoft Visual Studio Solution File, Format Version 12.00
# Visual Studio Version 17
VisualStudioVersion = 17.10.35013.160
MinimumVisualStudioVersion = 10.0.40219.1
Project("{FAE04EC0-301F-11D3-BF4B-00C04F79EFBC}") = "Core_Others", "Core_Others\Core_Others.csproj", "{473B3515-6ECD-4C57-9E2D-87131E217E02}"
EndProject
Global
	GlobalSection(SolutionConfigurationPlatforms) = preSolution
		Debug|Any CPU = Debug|Any CPU
		Release|Any CPU = Release|Any CPU
	EndGlobalSection
	GlobalSection(ProjectConfigurationPlatforms) = postSolution
		{473B3515-6ECD-4C57-9E2D-87131E217E02}.Debug|Any CPU.ActiveCfg = Debug|Any CPU
		{473B3515-6ECD-4C57-9E2D-87131E217E02}.Debug|Any CPU.Build.0 = Debug|Any CPU
		{473B3515-6ECD-4C57-9E2D-87131E217E02}.Release|Any CPU.ActiveCfg = Release|Any CPU
		{473B3515-6ECD-4C57-9E2D-87131E217E02}.Release|Any CPU.Build.0 = Release|Any CPU
	EndGlobalSection
	GlobalSection(SolutionProperties) = preSolution
		HideSolutionNode = FALSE
	EndGlobalSection
	GlobalSection(ExtensibilityGlobals) = postSolution
		SolutionGuid = {BCC6FF45-CE27-4EBB-852C-A7ABFE9982E7}
	EndGlobalSection
EndGlobal
