
Microsoft Visual Studio Solution File, Format Version 12.00
# Visual Studio Version 17
VisualStudioVersion = 17.10.35013.160
MinimumVisualStudioVersion = 10.0.40219.1
Project("{FAE04EC0-301F-11D3-BF4B-00C04F79EFBC}") = "CustomValidations_Prj", "CustomValidations_Prj\CustomValidations_Prj.csproj", "{0C96704F-1972-4BF5-84B8-C4EC689D899D}"
EndProject
Global
	GlobalSection(SolutionConfigurationPlatforms) = preSolution
		Debug|Any CPU = Debug|Any CPU
		Release|Any CPU = Release|Any CPU
	EndGlobalSection
	GlobalSection(ProjectConfigurationPlatforms) = postSolution
		{0C96704F-1972-4BF5-84B8-C4EC689D899D}.Debug|Any CPU.ActiveCfg = Debug|Any CPU
		{0C96704F-1972-4BF5-84B8-C4EC689D899D}.Debug|Any CPU.Build.0 = Debug|Any CPU
		{0C96704F-1972-4BF5-84B8-C4EC689D899D}.Release|Any CPU.ActiveCfg = Release|Any CPU
		{0C96704F-1972-4BF5-84B8-C4EC689D899D}.Release|Any CPU.Build.0 = Release|Any CPU
	EndGlobalSection
	GlobalSection(SolutionProperties) = preSolution
		HideSolutionNode = FALSE
	EndGlobalSection
	GlobalSection(ExtensibilityGlobals) = postSolution
		SolutionGuid = {39C78DE3-C311-4436-82B1-825829A8C967}
	EndGlobalSection
EndGlobal
