
Microsoft Visual Studio Solution File, Format Version 12.00
# Visual Studio Version 17
VisualStudioVersion = 17.10.35013.160
MinimumVisualStudioVersion = 10.0.40219.1
Project("{FAE04EC0-301F-11D3-BF4B-00C04F79EFBC}") = "FactoryPattern", "FactoryPattern\FactoryPattern.csproj", "{01132295-879A-4803-9944-B8D9B37F258B}"
EndProject
Project("{FAE04EC0-301F-11D3-BF4B-00C04F79EFBC}") = "FactorymethodPattern", "FactorymethodPattern\FactorymethodPattern.csproj", "{F800CB28-71DB-4123-BE19-8567EF8F653E}"
EndProject
Project("{FAE04EC0-301F-11D3-BF4B-00C04F79EFBC}") = "FactoryPattern2", "FactoryPattern2\FactoryPattern2.csproj", "{CB37A43A-8A54-4717-BF57-207C7CAACE77}"
EndProject
Global
	GlobalSection(SolutionConfigurationPlatforms) = preSolution
		Debug|Any CPU = Debug|Any CPU
		Release|Any CPU = Release|Any CPU
	EndGlobalSection
	GlobalSection(ProjectConfigurationPlatforms) = postSolution
		{01132295-879A-4803-9944-B8D9B37F258B}.Debug|Any CPU.ActiveCfg = Debug|Any CPU
		{01132295-879A-4803-9944-B8D9B37F258B}.Debug|Any CPU.Build.0 = Debug|Any CPU
		{01132295-879A-4803-9944-B8D9B37F258B}.Release|Any CPU.ActiveCfg = Release|Any CPU
		{01132295-879A-4803-9944-B8D9B37F258B}.Release|Any CPU.Build.0 = Release|Any CPU
		{F800CB28-71DB-4123-BE19-8567EF8F653E}.Debug|Any CPU.ActiveCfg = Debug|Any CPU
		{F800CB28-71DB-4123-BE19-8567EF8F653E}.Debug|Any CPU.Build.0 = Debug|Any CPU
		{F800CB28-71DB-4123-BE19-8567EF8F653E}.Release|Any CPU.ActiveCfg = Release|Any CPU
		{F800CB28-71DB-4123-BE19-8567EF8F653E}.Release|Any CPU.Build.0 = Release|Any CPU
		{CB37A43A-8A54-4717-BF57-207C7CAACE77}.Debug|Any CPU.ActiveCfg = Debug|Any CPU
		{CB37A43A-8A54-4717-BF57-207C7CAACE77}.Debug|Any CPU.Build.0 = Debug|Any CPU
		{CB37A43A-8A54-4717-BF57-207C7CAACE77}.Release|Any CPU.ActiveCfg = Release|Any CPU
		{CB37A43A-8A54-4717-BF57-207C7CAACE77}.Release|Any CPU.Build.0 = Release|Any CPU
	EndGlobalSection
	GlobalSection(SolutionProperties) = preSolution
		HideSolutionNode = FALSE
	EndGlobalSection
	GlobalSection(ExtensibilityGlobals) = postSolution
		SolutionGuid = {C974607D-B707-428F-9D53-29841758FC92}
	EndGlobalSection
EndGlobal
