
Microsoft Visual Studio Solution File, Format Version 12.00
# Visual Studio Version 17
VisualStudioVersion = 17.10.35013.160
MinimumVisualStudioVersion = 10.0.40219.1
Project("{FAE04EC0-301F-11D3-BF4B-00C04F79EFBC}") = "RemoteVal_Prj", "RemoteVal_Prj\RemoteVal_Prj.csproj", "{CC197506-CFB3-481F-BC93-BF832172BDF6}"
EndProject
Global
	GlobalSection(SolutionConfigurationPlatforms) = preSolution
		Debug|Any CPU = Debug|Any CPU
		Release|Any CPU = Release|Any CPU
	EndGlobalSection
	GlobalSection(ProjectConfigurationPlatforms) = postSolution
		{CC197506-CFB3-481F-BC93-BF832172BDF6}.Debug|Any CPU.ActiveCfg = Debug|Any CPU
		{CC197506-CFB3-481F-BC93-BF832172BDF6}.Debug|Any CPU.Build.0 = Debug|Any CPU
		{CC197506-CFB3-481F-BC93-BF832172BDF6}.Release|Any CPU.ActiveCfg = Release|Any CPU
		{CC197506-CFB3-481F-BC93-BF832172BDF6}.Release|Any CPU.Build.0 = Release|Any CPU
	EndGlobalSection
	GlobalSection(SolutionProperties) = preSolution
		HideSolutionNode = FALSE
	EndGlobalSection
	GlobalSection(ExtensibilityGlobals) = postSolution
		SolutionGuid = {767E8275-3954-4B01-A006-6B6C9F1D1035}
	EndGlobalSection
EndGlobal
