
Microsoft Visual Studio Solution File, Format Version 12.00
# Visual Studio Version 17
VisualStudioVersion = 17.10.35013.160
MinimumVisualStudioVersion = 10.0.40219.1
Project("{FAE04EC0-301F-11D3-BF4B-00C04F79EFBC}") = "ConnectedADO", "ConnectedADO\ConnectedADO.csproj", "{8ECD36B9-4B62-4597-A513-11CFD0714BF5}"
EndProject
Global
	GlobalSection(SolutionConfigurationPlatforms) = preSolution
		Debug|Any CPU = Debug|Any CPU
		Release|Any CPU = Release|Any CPU
	EndGlobalSection
	GlobalSection(ProjectConfigurationPlatforms) = postSolution
		{8ECD36B9-4B62-4597-A513-11CFD0714BF5}.Debug|Any CPU.ActiveCfg = Debug|Any CPU
		{8ECD36B9-4B62-4597-A513-11CFD0714BF5}.Debug|Any CPU.Build.0 = Debug|Any CPU
		{8ECD36B9-4B62-4597-A513-11CFD0714BF5}.Release|Any CPU.ActiveCfg = Release|Any CPU
		{8ECD36B9-4B62-4597-A513-11CFD0714BF5}.Release|Any CPU.Build.0 = Release|Any CPU
	EndGlobalSection
	GlobalSection(SolutionProperties) = preSolution
		HideSolutionNode = FALSE
	EndGlobalSection
	GlobalSection(ExtensibilityGlobals) = postSolution
		SolutionGuid = {BE1E2785-B934-4661-ABA1-68B58E4AD24C}
	EndGlobalSection
EndGlobal
