
Microsoft Visual Studio Solution File, Format Version 12.00
# Visual Studio Version 17
VisualStudioVersion = 17.10.35013.160
MinimumVisualStudioVersion = 10.0.40219.1
Project("{FAE04EC0-301F-11D3-BF4B-00C04F79EFBC}") = "Day13", "Day13\Day13.csproj", "{1A075350-4C3D-4169-BE06-B252969852CE}"
EndProject
Project("{FAE04EC0-301F-11D3-BF4B-00C04F79EFBC}") = "Calculatordll", "Calculatordll\Calculatordll.csproj", "{5C783CC1-E42D-4602-94DB-51CC79031CF1}"
EndProject
Project("{FAE04EC0-301F-11D3-BF4B-00C04F79EFBC}") = "CalculatorExtensionDll", "CalculatorExtensionDll\CalculatorExtensionDll.csproj", "{46BC24D3-B729-4F0B-BD75-9924595572CE}"
EndProject
Global
	GlobalSection(SolutionConfigurationPlatforms) = preSolution
		Debug|Any CPU = Debug|Any CPU
		Release|Any CPU = Release|Any CPU
	EndGlobalSection
	GlobalSection(ProjectConfigurationPlatforms) = postSolution
		{1A075350-4C3D-4169-BE06-B252969852CE}.Debug|Any CPU.ActiveCfg = Debug|Any CPU
		{1A075350-4C3D-4169-BE06-B252969852CE}.Debug|Any CPU.Build.0 = Debug|Any CPU
		{1A075350-4C3D-4169-BE06-B252969852CE}.Release|Any CPU.ActiveCfg = Release|Any CPU
		{1A075350-4C3D-4169-BE06-B252969852CE}.Release|Any CPU.Build.0 = Release|Any CPU
		{5C783CC1-E42D-4602-94DB-51CC79031CF1}.Debug|Any CPU.ActiveCfg = Debug|Any CPU
		{5C783CC1-E42D-4602-94DB-51CC79031CF1}.Debug|Any CPU.Build.0 = Debug|Any CPU
		{5C783CC1-E42D-4602-94DB-51CC79031CF1}.Release|Any CPU.ActiveCfg = Release|Any CPU
		{5C783CC1-E42D-4602-94DB-51CC79031CF1}.Release|Any CPU.Build.0 = Release|Any CPU
		{46BC24D3-B729-4F0B-BD75-9924595572CE}.Debug|Any CPU.ActiveCfg = Debug|Any CPU
		{46BC24D3-B729-4F0B-BD75-9924595572CE}.Debug|Any CPU.Build.0 = Debug|Any CPU
		{46BC24D3-B729-4F0B-BD75-9924595572CE}.Release|Any CPU.ActiveCfg = Release|Any CPU
		{46BC24D3-B729-4F0B-BD75-9924595572CE}.Release|Any CPU.Build.0 = Release|Any CPU
	EndGlobalSection
	GlobalSection(SolutionProperties) = preSolution
		HideSolutionNode = FALSE
	EndGlobalSection
	GlobalSection(ExtensibilityGlobals) = postSolution
		SolutionGuid = {2D7630FC-6202-4850-8A30-64B5BF68F541}
	EndGlobalSection
EndGlobal
